
Microsoft Visual Studio Solution File, Format Version 12.00
# Visual Studio Version 16
VisualStudioVersion = 16.0.31702.278
MinimumVisualStudioVersion = 10.0.40219.1
Project("{FAE04EC0-301F-11D3-BF4B-00C04F79EFBC}") = "WpfTask6", "WpfTask6\WpfTask6.csproj", "{1B2762B5-0B43-43CA-B276-D349F011AB49}"
EndProject
Global
	GlobalSection(SolutionConfigurationPlatforms) = preSolution
		Debug|Any CPU = Debug|Any CPU
		Release|Any CPU = Release|Any CPU
	EndGlobalSection
	GlobalSection(ProjectConfigurationPlatforms) = postSolution
		{1B2762B5-0B43-43CA-B276-D349F011AB49}.Debug|Any CPU.ActiveCfg = Debug|Any CPU
		{1B2762B5-0B43-43CA-B276-D349F011AB49}.Debug|Any CPU.Build.0 = Debug|Any CPU
		{1B2762B5-0B43-43CA-B276-D349F011AB49}.Release|Any CPU.ActiveCfg = Release|Any CPU
		{1B2762B5-0B43-43CA-B276-D349F011AB49}.Release|Any CPU.Build.0 = Release|Any CPU
	EndGlobalSection
	GlobalSection(SolutionProperties) = preSolution
		HideSolutionNode = FALSE
	EndGlobalSection
	GlobalSection(ExtensibilityGlobals) = postSolution
		SolutionGuid = {09159394-F925-44DF-81A7-E8BD6473B14E}
	EndGlobalSection
EndGlobal
